
Microsoft Visual Studio Solution File, Format Version 12.00
# Visual Studio 2013
VisualStudioVersion = 12.0.31101.0
MinimumVisualStudioVersion = 10.0.40219.1
Project("{FAE04EC0-301F-11D3-BF4B-00C04F79EFBC}") = "WebApplication1", "WebApplication1\WebApplication1.csproj", "{BCCF557F-646B-4979-B50A-5B6A67DC914C}"
EndProject
Global
	GlobalSection(SolutionConfigurationPlatforms) = preSolution
		Debug|Any CPU = Debug|Any CPU
		Release|Any CPU = Release|Any CPU
	EndGlobalSection
	GlobalSection(ProjectConfigurationPlatforms) = postSolution
		{BCCF557F-646B-4979-B50A-5B6A67DC914C}.Debug|Any CPU.ActiveCfg = Debug|Any CPU
		{BCCF557F-646B-4979-B50A-5B6A67DC914C}.Debug|Any CPU.Build.0 = Debug|Any CPU
		{BCCF557F-646B-4979-B50A-5B6A67DC914C}.Release|Any CPU.ActiveCfg = Release|Any CPU
		{BCCF557F-646B-4979-B50A-5B6A67DC914C}.Release|Any CPU.Build.0 = Release|Any CPU
	EndGlobalSection
	GlobalSection(SolutionProperties) = preSolution
		HideSolutionNode = FALSE
	EndGlobalSection
EndGlobal
